
Microsoft Visual Studio Solution File, Format Version 12.00
# Visual Studio 15
VisualStudioVersion = 15.0.28307.1231
MinimumVisualStudioVersion = 10.0.40219.1
Project("{8BC9CEB8-8B4A-11D0-8D11-00A0C91BC942}") = "pcl", "pcl\pcl.vcxproj", "{05C237B5-B28F-4390-BDA3-8654E4C24EF7}"
EndProject
Project("{8BC9CEB8-8B4A-11D0-8D11-00A0C91BC942}") = "tester", "tester\tester.vcxproj", "{53A047B7-B6AB-4DC6-B471-EBD0914A47BB}"
EndProject
Project("{8BC9CEB8-8B4A-11D0-8D11-00A0C91BC942}") = "cuda", "cuda\cuda.vcxproj", "{B5FDFA7A-FB6A-4078-A2E5-F3539DC9B612}"
EndProject
Global
	GlobalSection(SolutionConfigurationPlatforms) = preSolution
		Debug|x64 = Debug|x64
		Debug|x86 = Debug|x86
		Release|x64 = Release|x64
		Release|x86 = Release|x86
	EndGlobalSection
	GlobalSection(ProjectConfigurationPlatforms) = postSolution
		{05C237B5-B28F-4390-BDA3-8654E4C24EF7}.Debug|x64.ActiveCfg = Debug|x64
		{05C237B5-B28F-4390-BDA3-8654E4C24EF7}.Debug|x64.Build.0 = Debug|x64
		{05C237B5-B28F-4390-BDA3-8654E4C24EF7}.Debug|x86.ActiveCfg = Debug|Win32
		{05C237B5-B28F-4390-BDA3-8654E4C24EF7}.Debug|x86.Build.0 = Debug|Win32
		{05C237B5-B28F-4390-BDA3-8654E4C24EF7}.Release|x64.ActiveCfg = Release|x64
		{05C237B5-B28F-4390-BDA3-8654E4C24EF7}.Release|x64.Build.0 = Release|x64
		{05C237B5-B28F-4390-BDA3-8654E4C24EF7}.Release|x86.ActiveCfg = Release|Win32
		{05C237B5-B28F-4390-BDA3-8654E4C24EF7}.Release|x86.Build.0 = Release|Win32
		{53A047B7-B6AB-4DC6-B471-EBD0914A47BB}.Debug|x64.ActiveCfg = Debug|x64
		{53A047B7-B6AB-4DC6-B471-EBD0914A47BB}.Debug|x64.Build.0 = Debug|x64
		{53A047B7-B6AB-4DC6-B471-EBD0914A47BB}.Debug|x86.ActiveCfg = Debug|Win32
		{53A047B7-B6AB-4DC6-B471-EBD0914A47BB}.Debug|x86.Build.0 = Debug|Win32
		{53A047B7-B6AB-4DC6-B471-EBD0914A47BB}.Release|x64.ActiveCfg = Release|x64
		{53A047B7-B6AB-4DC6-B471-EBD0914A47BB}.Release|x64.Build.0 = Release|x64
		{53A047B7-B6AB-4DC6-B471-EBD0914A47BB}.Release|x86.ActiveCfg = Release|Win32
		{53A047B7-B6AB-4DC6-B471-EBD0914A47BB}.Release|x86.Build.0 = Release|Win32
		{B5FDFA7A-FB6A-4078-A2E5-F3539DC9B612}.Debug|x64.ActiveCfg = Debug|x64
		{B5FDFA7A-FB6A-4078-A2E5-F3539DC9B612}.Debug|x64.Build.0 = Debug|x64
		{B5FDFA7A-FB6A-4078-A2E5-F3539DC9B612}.Debug|x86.ActiveCfg = Debug|x64
		{B5FDFA7A-FB6A-4078-A2E5-F3539DC9B612}.Release|x64.ActiveCfg = Release|x64
		{B5FDFA7A-FB6A-4078-A2E5-F3539DC9B612}.Release|x64.Build.0 = Release|x64
		{B5FDFA7A-FB6A-4078-A2E5-F3539DC9B612}.Release|x86.ActiveCfg = Release|x64
	EndGlobalSection
	GlobalSection(SolutionProperties) = preSolution
		HideSolutionNode = FALSE
	EndGlobalSection
	GlobalSection(ExtensibilityGlobals) = postSolution
		SolutionGuid = {70AFC63E-579A-44BC-8522-9CD16237CA30}
	EndGlobalSection
EndGlobal
